
Microsoft Visual Studio Solution File, Format Version 12.00
# Visual Studio 15
VisualStudioVersion = 15.0.27428.2043
MinimumVisualStudioVersion = 10.0.40219.1
Project("{FAE04EC0-301F-11D3-BF4B-00C04F79EFBC}") = "UoN.VersionInformation.DependencyInjection", "src\UoN.VersionInformation.DependencyInjection\UoN.VersionInformation.DependencyInjection.csproj", "{EBC8626F-A8AA-4F09-AF68-A616BB0A73AA}"
EndProject
Global
	GlobalSection(SolutionConfigurationPlatforms) = preSolution
		Debug|Any CPU = Debug|Any CPU
		Release|Any CPU = Release|Any CPU
	EndGlobalSection
	GlobalSection(ProjectConfigurationPlatforms) = postSolution
		{EBC8626F-A8AA-4F09-AF68-A616BB0A73AA}.Debug|Any CPU.ActiveCfg = Debug|Any CPU
		{EBC8626F-A8AA-4F09-AF68-A616BB0A73AA}.Debug|Any CPU.Build.0 = Debug|Any CPU
		{EBC8626F-A8AA-4F09-AF68-A616BB0A73AA}.Release|Any CPU.ActiveCfg = Release|Any CPU
		{EBC8626F-A8AA-4F09-AF68-A616BB0A73AA}.Release|Any CPU.Build.0 = Release|Any CPU
	EndGlobalSection
	GlobalSection(SolutionProperties) = preSolution
		HideSolutionNode = FALSE
	EndGlobalSection
	GlobalSection(ExtensibilityGlobals) = postSolution
		SolutionGuid = {D8A92377-EB7F-48DB-A8E3-B89AA5B2E6B5}
	EndGlobalSection
EndGlobal
